<?xml version="1.0" encoding="utf-8"?>
<Project ToolsVersion="4.0" xmlns="http://schemas.microsoft.com/developer/msbuild/2003">
  <ItemGroup>
    <Filter Include="Demo">
      <UniqueIdentifier>{5e3616eb-8aac-424e-b9ae-b984e465cb79}</UniqueIdentifier>
    </Filter>
    <Filter Include="Service">
      <UniqueIdentifier>{89ed4df3-d4b2-46ab-ae6f-17c1d335badb}</UniqueIdentifier>
    </Filter>
    <Filter Include="Service\Common">
      <UniqueIdentifier>{121dfdb5-a8da-47bb-afa6-6884496b6d94}</UniqueIdentifier>
    </Filter>
    <Filter Include="Service\OSIS">
      <UniqueIdentifier>{6acb061f-c72a-412d-aa6e-ee228f0aa724}</UniqueIdentifier>
    </Filter>
    <Filter Include="Service\IOS">
      <UniqueIdentifier>{7af6ca16-53e8-458f-b509-6b4b4e80fa85}</UniqueIdentifier>
    </Filter>
    <Filter Include="Service\CMS">
      <UniqueIdentifier>{d46ae0f8-04da-4e6c-99de-d7726660bacf}</UniqueIdentifier>
    </Filter>
    <Filter Include="Service\EXPS">
      <UniqueIdentifier>{d70212e6-cf2f-46c8-bb13-caf6adeef47b}</UniqueIdentifier>
    </Filter>
    <Filter Include="Service\MSGS">
      <UniqueIdentifier>{ae3e7203-ec00-4749-a6c1-cba186c85ea0}</UniqueIdentifier>
    </Filter>
    <Filter Include="Service\EVTNS">
      <UniqueIdentifier>{d11fa079-dda8-42ed-a6fa-f400976a9d56}</UniqueIdentifier>
    </Filter>
    <Filter Include="Service\CFGS">
      <UniqueIdentifier>{b942ddb7-ceac-44ae-8ed4-b48d33ee80fc}</UniqueIdentifier>
    </Filter>
    <Filter Include="Service\IFS">
      <UniqueIdentifier>{d1ccedfa-4bf3-47ca-8523-80820fe799ac}</UniqueIdentifier>
    </Filter>
  </ItemGroup>
  <ItemGroup>
    <ClInclude Include="..\..\Source\IOS\Log.h">
      <Filter>Service\IOS</Filter>
    </ClInclude>
    <ClInclude Include="..\..\Source\IOS\BufferLogger.h">
      <Filter>Service\IOS</Filter>
    </ClInclude>
    <ClInclude Include="..\..\Source\Common\Common.h">
      <Filter>Service\Common</Filter>
    </ClInclude>
    <ClInclude Include="..\..\Source\Common\Types.h">
      <Filter>Service\Common</Filter>
    </ClInclude>
    <ClInclude Include="..\..\Source\Common\Consts.h">
      <Filter>Service\Common</Filter>
    </ClInclude>
    <ClInclude Include="..\..\Source\CMS\BlockingQueue.h">
      <Filter>Service\CMS</Filter>
    </ClInclude>
    <ClInclude Include="..\..\Source\CMS\BufferContainer.h">
      <Filter>Service\CMS</Filter>
    </ClInclude>
    <ClInclude Include="..\..\Source\CMS\ClientConnector.h">
      <Filter>Service\CMS</Filter>
    </ClInclude>
    <ClInclude Include="..\..\Source\CMS\LockFreeQueue.h">
      <Filter>Service\CMS</Filter>
    </ClInclude>
    <ClInclude Include="..\..\Source\CMS\ServerAccepter.h">
      <Filter>Service\CMS</Filter>
    </ClInclude>
    <ClInclude Include="..\..\Source\CMS\SvcHandler.h">
      <Filter>Service\CMS</Filter>
    </ClInclude>
    <ClInclude Include="..\..\Source\CMS\UBufferContainer.h">
      <Filter>Service\CMS</Filter>
    </ClInclude>
    <ClInclude Include="..\..\Source\CMS\UClientConnector.h">
      <Filter>Service\CMS</Filter>
    </ClInclude>
    <ClInclude Include="..\..\Source\CMS\UDataProcesser.h">
      <Filter>Service\CMS</Filter>
    </ClInclude>
    <ClInclude Include="..\..\Source\CMS\UDataReader.h">
      <Filter>Service\CMS</Filter>
    </ClInclude>
    <ClInclude Include="..\..\Source\CMS\UServerAccepter.h">
      <Filter>Service\CMS</Filter>
    </ClInclude>
    <ClInclude Include="..\..\Source\IFS\DataHandler.h">
      <Filter>Service\IFS</Filter>
    </ClInclude>
    <ClInclude Include="..\..\Source\IFS\IFS.h">
      <Filter>Service\IFS</Filter>
    </ClInclude>
    <ClInclude Include="..\..\Source\IFS\Observer.h">
      <Filter>Service\IFS</Filter>
    </ClInclude>
    <ClInclude Include="..\..\Source\IFS\Subject.h">
      <Filter>Service\IFS</Filter>
    </ClInclude>
    <ClInclude Include="..\..\Source\IFS\IFSInternal.h">
      <Filter>Service\IFS</Filter>
    </ClInclude>
    <ClInclude Include="..\..\Source\CMS\connectkeeper.h">
      <Filter>Service\CMS</Filter>
    </ClInclude>
    <ClInclude Include="..\..\Source\CMS\UServerBase.h">
      <Filter>Service\CMS</Filter>
    </ClInclude>
    <ClInclude Include="..\..\Source\IFS\ReflectionX.h">
      <Filter>Service\IFS</Filter>
    </ClInclude>
    <ClInclude Include="..\..\Source\CMS\UClientBase.h">
      <Filter>Service\CMS</Filter>
    </ClInclude>
    <ClInclude Include="..\..\Source\CMS\UServerDataHandler.h">
      <Filter>Service\CMS</Filter>
    </ClInclude>
    <ClInclude Include="..\..\Source\CMS\UClientDataHandler.h">
      <Filter>Service\CMS</Filter>
    </ClInclude>
    <ClInclude Include="..\..\Source\CMS\TelegramHeader.h">
      <Filter>Service\CMS</Filter>
    </ClInclude>
    <ClInclude Include="..\..\Source\CMS\TelegramPackager.h">
      <Filter>Service\CMS</Filter>
    </ClInclude>
    <ClInclude Include="..\..\Source\CMS\UClient.h">
      <Filter>Service\CMS</Filter>
    </ClInclude>
    <ClInclude Include="..\..\Source\CMS\UServer.h">
      <Filter>Service\CMS</Filter>
    </ClInclude>
    <ClInclude Include="..\..\Source\Common\DllCommon.h">
      <Filter>Service\Common</Filter>
    </ClInclude>
    <ClInclude Include="..\..\Source\Common\Utils.h">
      <Filter>Service\Common</Filter>
    </ClInclude>
    <ClInclude Include="..\..\Source\IFS\DatasSource.h">
      <Filter>Service\IFS</Filter>
    </ClInclude>
    <ClInclude Include="..\..\Source\OSIS\Event.h">
      <Filter>Service\OSIS</Filter>
    </ClInclude>
    <ClInclude Include="..\..\Source\OSIS\MessageTimer.h">
      <Filter>Service\OSIS</Filter>
    </ClInclude>
    <ClInclude Include="..\..\Source\OSIS\MessageTimerDefine.h">
      <Filter>Service\OSIS</Filter>
    </ClInclude>
    <ClInclude Include="..\..\Source\OSIS\SocketHelper.h">
      <Filter>Service\OSIS</Filter>
    </ClInclude>
    <ClInclude Include="..\..\Source\OSIS\SocketX.h">
      <Filter>Service\OSIS</Filter>
    </ClInclude>
    <ClInclude Include="..\..\Source\OSIS\TcpSocket.h">
      <Filter>Service\OSIS</Filter>
    </ClInclude>
    <ClInclude Include="..\..\Source\OSIS\Thread.h">
      <Filter>Service\OSIS</Filter>
    </ClInclude>
    <ClInclude Include="..\..\Source\OSIS\UdpSocket.h">
      <Filter>Service\OSIS</Filter>
    </ClInclude>
    <ClInclude Include="..\..\Source\EXPS\Exception.h">
      <Filter>Service\EXPS</Filter>
    </ClInclude>
    <ClInclude Include="..\..\Source\EXPS\ExceptionRaise.h">
      <Filter>Service\EXPS</Filter>
    </ClInclude>
    <ClInclude Include="..\..\Source\EXPS\FaultRaise.h">
      <Filter>Service\EXPS</Filter>
    </ClInclude>
    <ClInclude Include="..\..\Source\CFGS\ConfigHelper.h">
      <Filter>Service\CFGS</Filter>
    </ClInclude>
    <ClInclude Include="..\..\Source\CFGS\ConfigStore.h">
      <Filter>Service\CFGS</Filter>
    </ClInclude>
    <ClInclude Include="EchoClient.h">
      <Filter>Demo</Filter>
    </ClInclude>
  </ItemGroup>
  <ItemGroup>
    <ClCompile Include="..\..\Source\IOS\Log.cpp">
      <Filter>Service\IOS</Filter>
    </ClCompile>
    <ClCompile Include="..\..\Source\IOS\BufferLogger.cpp">
      <Filter>Service\IOS</Filter>
    </ClCompile>
    <ClCompile Include="..\..\Source\CMS\BlockingQueue.cpp">
      <Filter>Service\CMS</Filter>
    </ClCompile>
    <ClCompile Include="..\..\Source\CMS\BufferContainer.cpp">
      <Filter>Service\CMS</Filter>
    </ClCompile>
    <ClCompile Include="..\..\Source\CMS\ClientConnector.cpp">
      <Filter>Service\CMS</Filter>
    </ClCompile>
    <ClCompile Include="..\..\Source\CMS\LockFreeQueue.cpp">
      <Filter>Service\CMS</Filter>
    </ClCompile>
    <ClCompile Include="..\..\Source\CMS\ServerAccepter.cpp">
      <Filter>Service\CMS</Filter>
    </ClCompile>
    <ClCompile Include="..\..\Source\CMS\SvcHandler.cpp">
      <Filter>Service\CMS</Filter>
    </ClCompile>
    <ClCompile Include="..\..\Source\CMS\UBufferContainer.cpp">
      <Filter>Service\CMS</Filter>
    </ClCompile>
    <ClCompile Include="..\..\Source\CMS\UClientConnector.cpp">
      <Filter>Service\CMS</Filter>
    </ClCompile>
    <ClCompile Include="..\..\Source\CMS\UDataProcesser.cpp">
      <Filter>Service\CMS</Filter>
    </ClCompile>
    <ClCompile Include="..\..\Source\CMS\UDataReader.cpp">
      <Filter>Service\CMS</Filter>
    </ClCompile>
    <ClCompile Include="..\..\Source\CMS\UServerAccepter.cpp">
      <Filter>Service\CMS</Filter>
    </ClCompile>
    <ClCompile Include="..\..\Source\IFS\DataHandler.cpp">
      <Filter>Service\IFS</Filter>
    </ClCompile>
    <ClCompile Include="..\..\Source\IFS\Observer.cpp">
      <Filter>Service\IFS</Filter>
    </ClCompile>
    <ClCompile Include="..\..\Source\IFS\Subject.cpp">
      <Filter>Service\IFS</Filter>
    </ClCompile>
    <ClCompile Include="..\..\Source\CMS\connectkeeper.cpp">
      <Filter>Service\CMS</Filter>
    </ClCompile>
    <ClCompile Include="..\..\Source\CMS\UServerBase.cpp">
      <Filter>Service\CMS</Filter>
    </ClCompile>
    <ClCompile Include="..\..\Source\IFS\ReflectionX.cpp">
      <Filter>Service\IFS</Filter>
    </ClCompile>
    <ClCompile Include="..\..\Source\CMS\UClientBase.cpp">
      <Filter>Service\CMS</Filter>
    </ClCompile>
    <ClCompile Include="..\..\Source\CMS\UServerDataHandler.cpp">
      <Filter>Service\CMS</Filter>
    </ClCompile>
    <ClCompile Include="..\..\Source\CMS\UClientDataHandler.cpp">
      <Filter>Service\CMS</Filter>
    </ClCompile>
    <ClCompile Include="..\..\Source\IFS\IFS.cpp">
      <Filter>Service\IFS</Filter>
    </ClCompile>
    <ClCompile Include="..\..\Source\CMS\TelegramHeader.cpp">
      <Filter>Service\CMS</Filter>
    </ClCompile>
    <ClCompile Include="..\..\Source\CMS\TelegramPackager.cpp">
      <Filter>Service\CMS</Filter>
    </ClCompile>
    <ClCompile Include="..\..\Source\CMS\UClient.cpp">
      <Filter>Service\CMS</Filter>
    </ClCompile>
    <ClCompile Include="..\..\Source\CMS\UServer.cpp">
      <Filter>Service\CMS</Filter>
    </ClCompile>
    <ClCompile Include="..\..\Source\Common\Utils.cpp">
      <Filter>Service\Common</Filter>
    </ClCompile>
    <ClCompile Include="..\..\Source\IFS\DatasSource.cpp">
      <Filter>Service\IFS</Filter>
    </ClCompile>
    <ClCompile Include="..\..\Source\OSIS\Event.cpp">
      <Filter>Service\OSIS</Filter>
    </ClCompile>
    <ClCompile Include="..\..\Source\OSIS\MessageTimer.cpp">
      <Filter>Service\OSIS</Filter>
    </ClCompile>
    <ClCompile Include="..\..\Source\OSIS\SocketHelper.cpp">
      <Filter>Service\OSIS</Filter>
    </ClCompile>
    <ClCompile Include="..\..\Source\OSIS\SocketX.cpp">
      <Filter>Service\OSIS</Filter>
    </ClCompile>
    <ClCompile Include="..\..\Source\OSIS\TcpSocket.cpp">
      <Filter>Service\OSIS</Filter>
    </ClCompile>
    <ClCompile Include="..\..\Source\OSIS\Thread.cpp">
      <Filter>Service\OSIS</Filter>
    </ClCompile>
    <ClCompile Include="..\..\Source\OSIS\UdpSocket.cpp">
      <Filter>Service\OSIS</Filter>
    </ClCompile>
    <ClCompile Include="..\..\Source\EXPS\Exception.cpp">
      <Filter>Service\EXPS</Filter>
    </ClCompile>
    <ClCompile Include="..\..\Source\EXPS\ExceptionRaise.cpp">
      <Filter>Service\EXPS</Filter>
    </ClCompile>
    <ClCompile Include="..\..\Source\EXPS\FaultRaise.cpp">
      <Filter>Service\EXPS</Filter>
    </ClCompile>
    <ClCompile Include="..\..\Source\CFGS\ConfigHelper.cpp">
      <Filter>Service\CFGS</Filter>
    </ClCompile>
    <ClCompile Include="..\..\Source\CFGS\ConfigStore.cpp">
      <Filter>Service\CFGS</Filter>
    </ClCompile>
    <ClCompile Include="Demo.cpp">
      <Filter>Demo</Filter>
    </ClCompile>
    <ClCompile Include="EchoClient.cpp">
      <Filter>Demo</Filter>
    </ClCompile>
  </ItemGroup>
  <ItemGroup>
    <None Include="..\README.md" />
  </ItemGroup>
</Project>