<?xml version="1.0" encoding="utf-8"?>
<Project ToolsVersion="4.0" xmlns="http://schemas.microsoft.com/developer/msbuild/2003">
  <ItemGroup>
    <Filter Include="libReator">
      <UniqueIdentifier>{89ed4df3-d4b2-46ab-ae6f-17c1d335badb}</UniqueIdentifier>
    </Filter>
    <Filter Include="Demo">
      <UniqueIdentifier>{5e3616eb-8aac-424e-b9ae-b984e465cb79}</UniqueIdentifier>
    </Filter>
    <Filter Include="libReator\Common">
      <UniqueIdentifier>{121dfdb5-a8da-47bb-afa6-6884496b6d94}</UniqueIdentifier>
    </Filter>
    <Filter Include="libReator\OSIS">
      <UniqueIdentifier>{6acb061f-c72a-412d-aa6e-ee228f0aa724}</UniqueIdentifier>
    </Filter>
    <Filter Include="libReator\NETS">
      <UniqueIdentifier>{d46ae0f8-04da-4e6c-99de-d7726660bacf}</UniqueIdentifier>
    </Filter>
    <Filter Include="libReator\IF">
      <UniqueIdentifier>{7133b99f-e017-4c01-8952-51d08bdd5d08}</UniqueIdentifier>
    </Filter>
    <Filter Include="libReator\IOS">
      <UniqueIdentifier>{7af6ca16-53e8-458f-b509-6b4b4e80fa85}</UniqueIdentifier>
    </Filter>
  </ItemGroup>
  <ItemGroup>
    <ClInclude Include="..\Source\IOS\Log.h">
      <Filter>libReator\IOS</Filter>
    </ClInclude>
    <ClInclude Include="..\Source\OSIS\EventXO.h">
      <Filter>libReator\OSIS</Filter>
    </ClInclude>
    <ClInclude Include="..\Source\OSIS\MutexXO.h">
      <Filter>libReator\OSIS</Filter>
    </ClInclude>
    <ClInclude Include="..\Source\OSIS\SocketXO.h">
      <Filter>libReator\OSIS</Filter>
    </ClInclude>
    <ClInclude Include="..\Source\OSIS\TcpSocketXO.h">
      <Filter>libReator\OSIS</Filter>
    </ClInclude>
    <ClInclude Include="..\Source\OSIS\ThreadX.h">
      <Filter>libReator\OSIS</Filter>
    </ClInclude>
    <ClInclude Include="..\Source\OSIS\UdpSocketXO.h">
      <Filter>libReator\OSIS</Filter>
    </ClInclude>
    <ClInclude Include="..\Source\NETS\BufferContainer.h">
      <Filter>libReator\NETS</Filter>
    </ClInclude>
    <ClInclude Include="..\Source\NETS\ClientConnector.h">
      <Filter>libReator\NETS</Filter>
    </ClInclude>
    <ClInclude Include="..\Source\NETS\ServerAccepter.h">
      <Filter>libReator\NETS</Filter>
    </ClInclude>
    <ClInclude Include="..\Source\NETS\SvcHandler.h">
      <Filter>libReator\NETS</Filter>
    </ClInclude>
    <ClInclude Include="..\Source\IF\DataHandler.h">
      <Filter>libReator\IF</Filter>
    </ClInclude>
    <ClInclude Include="..\Source\IF\IFS.h">
      <Filter>libReator\IF</Filter>
    </ClInclude>
    <ClInclude Include="..\Source\IOS\BufferLogger.h">
      <Filter>libReator\IOS</Filter>
    </ClInclude>
    <ClInclude Include="..\Source\NETS\UClientConnector.h">
      <Filter>libReator\NETS</Filter>
    </ClInclude>
    <ClInclude Include="..\Source\NETS\UDataProcesser.h">
      <Filter>libReator\NETS</Filter>
    </ClInclude>
    <ClInclude Include="..\Source\NETS\UServerAccepter.h">
      <Filter>libReator\NETS</Filter>
    </ClInclude>
    <ClInclude Include="..\Source\NETS\LockFreeQueue.h">
      <Filter>libReator\NETS</Filter>
    </ClInclude>
    <ClInclude Include="ClientDemo.h">
      <Filter>Demo</Filter>
    </ClInclude>
    <ClInclude Include="ServerDemo.h">
      <Filter>Demo</Filter>
    </ClInclude>
    <ClInclude Include="UServerDataHandler.h">
      <Filter>Demo</Filter>
    </ClInclude>
    <ClInclude Include="..\Source\IF\Observer.h">
      <Filter>libReator\IF</Filter>
    </ClInclude>
    <ClInclude Include="..\Source\IF\Subject.h">
      <Filter>libReator\IF</Filter>
    </ClInclude>
    <ClInclude Include="..\Source\Common\Common.h">
      <Filter>libReator\Common</Filter>
    </ClInclude>
    <ClInclude Include="..\Source\Common\Types.h">
      <Filter>libReator\Common</Filter>
    </ClInclude>
    <ClInclude Include="..\Source\Common\Consts.h">
      <Filter>libReator\Common</Filter>
    </ClInclude>
  </ItemGroup>
  <ItemGroup>
    <ClCompile Include="..\Demo\libReactorDemo.cpp">
      <Filter>Demo</Filter>
    </ClCompile>
    <ClCompile Include="..\Source\IOS\Log.cpp">
      <Filter>libReator\IOS</Filter>
    </ClCompile>
    <ClCompile Include="..\Source\OSIS\EventXO.cpp">
      <Filter>libReator\OSIS</Filter>
    </ClCompile>
    <ClCompile Include="..\Source\OSIS\MutexXO.cpp">
      <Filter>libReator\OSIS</Filter>
    </ClCompile>
    <ClCompile Include="..\Source\OSIS\SocketXO.cpp">
      <Filter>libReator\OSIS</Filter>
    </ClCompile>
    <ClCompile Include="..\Source\OSIS\TcpSocketXO.cpp">
      <Filter>libReator\OSIS</Filter>
    </ClCompile>
    <ClCompile Include="..\Source\OSIS\ThreadX.cpp">
      <Filter>libReator\OSIS</Filter>
    </ClCompile>
    <ClCompile Include="..\Source\OSIS\UdpSocketXO.cpp">
      <Filter>libReator\OSIS</Filter>
    </ClCompile>
    <ClCompile Include="..\Source\NETS\BufferContainer.cpp">
      <Filter>libReator\NETS</Filter>
    </ClCompile>
    <ClCompile Include="..\Source\NETS\ClientConnector.cpp">
      <Filter>libReator\NETS</Filter>
    </ClCompile>
    <ClCompile Include="..\Source\NETS\ServerAccepter.cpp">
      <Filter>libReator\NETS</Filter>
    </ClCompile>
    <ClCompile Include="..\Source\NETS\SvcHandler.cpp">
      <Filter>libReator\NETS</Filter>
    </ClCompile>
    <ClCompile Include="..\Source\IF\DataHandler.cpp">
      <Filter>libReator\IF</Filter>
    </ClCompile>
    <ClCompile Include="..\Source\IOS\BufferLogger.cpp">
      <Filter>libReator\IOS</Filter>
    </ClCompile>
    <ClCompile Include="..\Source\NETS\UClientConnector.cpp">
      <Filter>libReator\NETS</Filter>
    </ClCompile>
    <ClCompile Include="..\Source\NETS\UDataProcesser.cpp">
      <Filter>libReator\NETS</Filter>
    </ClCompile>
    <ClCompile Include="..\Source\NETS\UServerAccepter.cpp">
      <Filter>libReator\NETS</Filter>
    </ClCompile>
    <ClCompile Include="..\Source\NETS\LockFreeQueue.cpp">
      <Filter>libReator\NETS</Filter>
    </ClCompile>
    <ClCompile Include="ClientDemo.cpp">
      <Filter>Demo</Filter>
    </ClCompile>
    <ClCompile Include="ServerDemo.cpp">
      <Filter>Demo</Filter>
    </ClCompile>
    <ClCompile Include="UServerDataHandler.cpp">
      <Filter>Demo</Filter>
    </ClCompile>
    <ClCompile Include="..\Source\IF\Observer.cpp">
      <Filter>libReator\IF</Filter>
    </ClCompile>
    <ClCompile Include="..\Source\IF\Subject.cpp">
      <Filter>libReator\IF</Filter>
    </ClCompile>
  </ItemGroup>
</Project>